// !$*UTF8*$!
{
	archiveVersion = 1;
	classes = {
	};
	objectVersion = 50;
	objects = {

/* Begin PBXBuildFile section */
		7778044F26807F900081A5C3 /* AppDelegate.swift in Sources */ = {isa = PBXBuildFile; fileRef = 7778044E26807F900081A5C3 /* AppDelegate.swift */; };
		7778045126807F900081A5C3 /* SceneDelegate.swift in Sources */ = {isa = PBXBuildFile; fileRef = 7778045026807F900081A5C3 /* SceneDelegate.swift */; };
		7778045826807F900081A5C3 /* Assets.xcassets in Resources */ = {isa = PBXBuildFile; fileRef = 7778045726807F900081A5C3 /* Assets.xcassets */; };
		7778045B26807F900081A5C3 /* LaunchScreen.storyboard in Resources */ = {isa = PBXBuildFile; fileRef = 7778045926807F900081A5C3 /* LaunchScreen.storyboard */; };
		77780484268081100081A5C3 /* FruitsListViewController.swift in Sources */ = {isa = PBXBuildFile; fileRef = 77780483268081100081A5C3 /* FruitsListViewController.swift */; };
		77780486268081180081A5C3 /* FruitsListViewModel.swift in Sources */ = {isa = PBXBuildFile; fileRef = 77780485268081180081A5C3 /* FruitsListViewModel.swift */; };
		7778048A268081A50081A5C3 /* UIViewController+Extensions.swift in Sources */ = {isa = PBXBuildFile; fileRef = 77780489268081A50081A5C3 /* UIViewController+Extensions.swift */; };
		7778048D268082150081A5C3 /* AppCoordinator.swift in Sources */ = {isa = PBXBuildFile; fileRef = 7778048C268082150081A5C3 /* AppCoordinator.swift */; };
		7778048F2680821C0081A5C3 /* ErrorHandlingCoordinator.swift in Sources */ = {isa = PBXBuildFile; fileRef = 7778048E2680821C0081A5C3 /* ErrorHandlingCoordinator.swift */; };
		77780491268082220081A5C3 /* OverlayCoordinator.swift in Sources */ = {isa = PBXBuildFile; fileRef = 77780490268082220081A5C3 /* OverlayCoordinator.swift */; };
		77780493268082280081A5C3 /* FruitsCoordinator.swift in Sources */ = {isa = PBXBuildFile; fileRef = 77780492268082280081A5C3 /* FruitsCoordinator.swift */; };
		77780496268082390081A5C3 /* Coordinator.swift in Sources */ = {isa = PBXBuildFile; fileRef = 77780495268082390081A5C3 /* Coordinator.swift */; };
/* End PBXBuildFile section */

/* Begin PBXContainerItemProxy section */
		7778046226807F900081A5C3 /* PBXContainerItemProxy */ = {
			isa = PBXContainerItemProxy;
			containerPortal = 7778044326807F900081A5C3 /* Project object */;
			proxyType = 1;
			remoteGlobalIDString = 7778044A26807F900081A5C3;
			remoteInfo = FruitApp;
		};
/* End PBXContainerItemProxy section */

/* Begin PBXFileReference section */
		7778044B26807F900081A5C3 /* FruitApp.app */ = {isa = PBXFileReference; explicitFileType = wrapper.application; includeInIndex = 0; path = FruitApp.app; sourceTree = BUILT_PRODUCTS_DIR; };
		7778044E26807F900081A5C3 /* AppDelegate.swift */ = {isa = PBXFileReference; lastKnownFileType = sourcecode.swift; path = AppDelegate.swift; sourceTree = "<group>"; };
		7778045026807F900081A5C3 /* SceneDelegate.swift */ = {isa = PBXFileReference; lastKnownFileType = sourcecode.swift; path = SceneDelegate.swift; sourceTree = "<group>"; };
		7778045726807F900081A5C3 /* Assets.xcassets */ = {isa = PBXFileReference; lastKnownFileType = folder.assetcatalog; path = Assets.xcassets; sourceTree = "<group>"; };
		7778045A26807F900081A5C3 /* Base */ = {isa = PBXFileReference; lastKnownFileType = file.storyboard; name = Base; path = Base.lproj/LaunchScreen.storyboard; sourceTree = "<group>"; };
		7778045C26807F900081A5C3 /* Info.plist */ = {isa = PBXFileReference; lastKnownFileType = text.plist.xml; path = Info.plist; sourceTree = "<group>"; };
		7778046126807F900081A5C3 /* FruitAppTests.xctest */ = {isa = PBXFileReference; explicitFileType = wrapper.cfbundle; includeInIndex = 0; path = FruitAppTests.xctest; sourceTree = BUILT_PRODUCTS_DIR; };
		7778046726807F910081A5C3 /* Info.plist */ = {isa = PBXFileReference; lastKnownFileType = text.plist.xml; path = Info.plist; sourceTree = "<group>"; };
		77780483268081100081A5C3 /* FruitsListViewController.swift */ = {isa = PBXFileReference; lastKnownFileType = sourcecode.swift; path = FruitsListViewController.swift; sourceTree = "<group>"; };
		77780485268081180081A5C3 /* FruitsListViewModel.swift */ = {isa = PBXFileReference; lastKnownFileType = sourcecode.swift; path = FruitsListViewModel.swift; sourceTree = "<group>"; };
		77780489268081A50081A5C3 /* UIViewController+Extensions.swift */ = {isa = PBXFileReference; lastKnownFileType = sourcecode.swift; path = "UIViewController+Extensions.swift"; sourceTree = "<group>"; };
		7778048C268082150081A5C3 /* AppCoordinator.swift */ = {isa = PBXFileReference; lastKnownFileType = sourcecode.swift; path = AppCoordinator.swift; sourceTree = "<group>"; };
		7778048E2680821C0081A5C3 /* ErrorHandlingCoordinator.swift */ = {isa = PBXFileReference; lastKnownFileType = sourcecode.swift; path = ErrorHandlingCoordinator.swift; sourceTree = "<group>"; };
		77780490268082220081A5C3 /* OverlayCoordinator.swift */ = {isa = PBXFileReference; lastKnownFileType = sourcecode.swift; path = OverlayCoordinator.swift; sourceTree = "<group>"; };
		77780492268082280081A5C3 /* FruitsCoordinator.swift */ = {isa = PBXFileReference; lastKnownFileType = sourcecode.swift; path = FruitsCoordinator.swift; sourceTree = "<group>"; };
		77780495268082390081A5C3 /* Coordinator.swift */ = {isa = PBXFileReference; lastKnownFileType = sourcecode.swift; path = Coordinator.swift; sourceTree = "<group>"; };
/* End PBXFileReference section */

/* Begin PBXFrameworksBuildPhase section */
		7778044826807F900081A5C3 /* Frameworks */ = {
			isa = PBXFrameworksBuildPhase;
			buildActionMask = 2147483647;
			files = (
			);
			runOnlyForDeploymentPostprocessing = 0;
		};
		7778045E26807F900081A5C3 /* Frameworks */ = {
			isa = PBXFrameworksBuildPhase;
			buildActionMask = 2147483647;
			files = (
			);
			runOnlyForDeploymentPostprocessing = 0;
		};
/* End PBXFrameworksBuildPhase section */

/* Begin PBXGroup section */
		7778044226807F900081A5C3 = {
			isa = PBXGroup;
			children = (
				7778044D26807F900081A5C3 /* FruitApp */,
				7778046426807F900081A5C3 /* FruitAppTests */,
				7778044C26807F900081A5C3 /* Products */,
			);
			sourceTree = "<group>";
		};
		7778044C26807F900081A5C3 /* Products */ = {
			isa = PBXGroup;
			children = (
				7778044B26807F900081A5C3 /* FruitApp.app */,
				7778046126807F900081A5C3 /* FruitAppTests.xctest */,
			);
			name = Products;
			sourceTree = "<group>";
		};
		7778044D26807F900081A5C3 /* FruitApp */ = {
			isa = PBXGroup;
			children = (
				7778047F268080860081A5C3 /* App */,
				7778048B2680820B0081A5C3 /* Coordinators */,
				77780480268080E70081A5C3 /* Features */,
				77780487268081950081A5C3 /* Common */,
				7778047E2680807A0081A5C3 /* Resources */,
				7778045C26807F900081A5C3 /* Info.plist */,
			);
			path = FruitApp;
			sourceTree = "<group>";
		};
		7778046426807F900081A5C3 /* FruitAppTests */ = {
			isa = PBXGroup;
			children = (
				7778046726807F910081A5C3 /* Info.plist */,
			);
			path = FruitAppTests;
			sourceTree = "<group>";
		};
		7778047E2680807A0081A5C3 /* Resources */ = {
			isa = PBXGroup;
			children = (
				7778045726807F900081A5C3 /* Assets.xcassets */,
				7778045926807F900081A5C3 /* LaunchScreen.storyboard */,
			);
			path = Resources;
			sourceTree = "<group>";
		};
		7778047F268080860081A5C3 /* App */ = {
			isa = PBXGroup;
			children = (
				7778044E26807F900081A5C3 /* AppDelegate.swift */,
				7778045026807F900081A5C3 /* SceneDelegate.swift */,
			);
			path = App;
			sourceTree = "<group>";
		};
		77780480268080E70081A5C3 /* Features */ = {
			isa = PBXGroup;
			children = (
				77780481268080F20081A5C3 /* Fruits */,
			);
			path = Features;
			sourceTree = "<group>";
		};
		77780481268080F20081A5C3 /* Fruits */ = {
			isa = PBXGroup;
			children = (
				77780482268080FB0081A5C3 /* FruitsList */,
			);
			path = Fruits;
			sourceTree = "<group>";
		};
		77780482268080FB0081A5C3 /* FruitsList */ = {
			isa = PBXGroup;
			children = (
				77780483268081100081A5C3 /* FruitsListViewController.swift */,
				77780485268081180081A5C3 /* FruitsListViewModel.swift */,
			);
			path = FruitsList;
			sourceTree = "<group>";
		};
		77780487268081950081A5C3 /* Common */ = {
			isa = PBXGroup;
			children = (
				77780494268082330081A5C3 /* Protocols */,
				777804882680819B0081A5C3 /* Extensions */,
			);
			path = Common;
			sourceTree = "<group>";
		};
		777804882680819B0081A5C3 /* Extensions */ = {
			isa = PBXGroup;
			children = (
				77780489268081A50081A5C3 /* UIViewController+Extensions.swift */,
			);
			path = Extensions;
			sourceTree = "<group>";
		};
		7778048B2680820B0081A5C3 /* Coordinators */ = {
			isa = PBXGroup;
			children = (
				7778048C268082150081A5C3 /* AppCoordinator.swift */,
				7778048E2680821C0081A5C3 /* ErrorHandlingCoordinator.swift */,
				77780490268082220081A5C3 /* OverlayCoordinator.swift */,
				77780492268082280081A5C3 /* FruitsCoordinator.swift */,
			);
			path = Coordinators;
			sourceTree = "<group>";
		};
		77780494268082330081A5C3 /* Protocols */ = {
			isa = PBXGroup;
			children = (
				77780495268082390081A5C3 /* Coordinator.swift */,
			);
			path = Protocols;
			sourceTree = "<group>";
		};
/* End PBXGroup section */

/* Begin PBXNativeTarget section */
		7778044A26807F900081A5C3 /* FruitApp */ = {
			isa = PBXNativeTarget;
			buildConfigurationList = 7778047526807F910081A5C3 /* Build configuration list for PBXNativeTarget "FruitApp" */;
			buildPhases = (
				7778044726807F900081A5C3 /* Sources */,
				7778044826807F900081A5C3 /* Frameworks */,
				7778044926807F900081A5C3 /* Resources */,
			);
			buildRules = (
			);
			dependencies = (
			);
			name = FruitApp;
			productName = FruitApp;
			productReference = 7778044B26807F900081A5C3 /* FruitApp.app */;
			productType = "com.apple.product-type.application";
		};
		7778046026807F900081A5C3 /* FruitAppTests */ = {
			isa = PBXNativeTarget;
			buildConfigurationList = 7778047826807F910081A5C3 /* Build configuration list for PBXNativeTarget "FruitAppTests" */;
			buildPhases = (
				7778045D26807F900081A5C3 /* Sources */,
				7778045E26807F900081A5C3 /* Frameworks */,
				7778045F26807F900081A5C3 /* Resources */,
			);
			buildRules = (
			);
			dependencies = (
				7778046326807F900081A5C3 /* PBXTargetDependency */,
			);
			name = FruitAppTests;
			productName = FruitAppTests;
			productReference = 7778046126807F900081A5C3 /* FruitAppTests.xctest */;
			productType = "com.apple.product-type.bundle.unit-test";
		};
/* End PBXNativeTarget section */

/* Begin PBXProject section */
		7778044326807F900081A5C3 /* Project object */ = {
			isa = PBXProject;
			attributes = {
				LastSwiftUpdateCheck = 1250;
				LastUpgradeCheck = 1250;
				TargetAttributes = {
					7778044A26807F900081A5C3 = {
						CreatedOnToolsVersion = 12.5;
					};
					7778046026807F900081A5C3 = {
						CreatedOnToolsVersion = 12.5;
						TestTargetID = 7778044A26807F900081A5C3;
					};
				};
			};
			buildConfigurationList = 7778044626807F900081A5C3 /* Build configuration list for PBXProject "FruitApp" */;
			compatibilityVersion = "Xcode 9.3";
			developmentRegion = en;
			hasScannedForEncodings = 0;
			knownRegions = (
				en,
				Base,
			);
			mainGroup = 7778044226807F900081A5C3;
			productRefGroup = 7778044C26807F900081A5C3 /* Products */;
			projectDirPath = "";
			projectRoot = "";
			targets = (
				7778044A26807F900081A5C3 /* FruitApp */,
				7778046026807F900081A5C3 /* FruitAppTests */,
			);
		};
/* End PBXProject section */

/* Begin PBXResourcesBuildPhase section */
		7778044926807F900081A5C3 /* Resources */ = {
			isa = PBXResourcesBuildPhase;
			buildActionMask = 2147483647;
			files = (
				7778045B26807F900081A5C3 /* LaunchScreen.storyboard in Resources */,
				7778045826807F900081A5C3 /* Assets.xcassets in Resources */,
			);
			runOnlyForDeploymentPostprocessing = 0;
		};
		7778045F26807F900081A5C3 /* Resources */ = {
			isa = PBXResourcesBuildPhase;
			buildActionMask = 2147483647;
			files = (
			);
			runOnlyForDeploymentPostprocessing = 0;
		};
/* End PBXResourcesBuildPhase section */

/* Begin PBXSourcesBuildPhase section */
		7778044726807F900081A5C3 /* Sources */ = {
			isa = PBXSourcesBuildPhase;
			buildActionMask = 2147483647;
			files = (
				7778048F2680821C0081A5C3 /* ErrorHandlingCoordinator.swift in Sources */,
				77780491268082220081A5C3 /* OverlayCoordinator.swift in Sources */,
				77780496268082390081A5C3 /* Coordinator.swift in Sources */,
				7778048D268082150081A5C3 /* AppCoordinator.swift in Sources */,
				77780484268081100081A5C3 /* FruitsListViewController.swift in Sources */,
				77780486268081180081A5C3 /* FruitsListViewModel.swift in Sources */,
				7778048A268081A50081A5C3 /* UIViewController+Extensions.swift in Sources */,
				7778044F26807F900081A5C3 /* AppDelegate.swift in Sources */,
				7778045126807F900081A5C3 /* SceneDelegate.swift in Sources */,
				77780493268082280081A5C3 /* FruitsCoordinator.swift in Sources */,
			);
			runOnlyForDeploymentPostprocessing = 0;
		};
		7778045D26807F900081A5C3 /* Sources */ = {
			isa = PBXSourcesBuildPhase;
			buildActionMask = 2147483647;
			files = (
			);
			runOnlyForDeploymentPostprocessing = 0;
		};
/* End PBXSourcesBuildPhase section */

/* Begin PBXTargetDependency section */
		7778046326807F900081A5C3 /* PBXTargetDependency */ = {
			isa = PBXTargetDependency;
			target = 7778044A26807F900081A5C3 /* FruitApp */;
			targetProxy = 7778046226807F900081A5C3 /* PBXContainerItemProxy */;
		};
/* End PBXTargetDependency section */

/* Begin PBXVariantGroup section */
		7778045926807F900081A5C3 /* LaunchScreen.storyboard */ = {
			isa = PBXVariantGroup;
			children = (
				7778045A26807F900081A5C3 /* Base */,
			);
			name = LaunchScreen.storyboard;
			sourceTree = "<group>";
		};
/* End PBXVariantGroup section */

/* Begin XCBuildConfiguration section */
		7778047326807F910081A5C3 /* Debug */ = {
			isa = XCBuildConfiguration;
			buildSettings = {
				ALWAYS_SEARCH_USER_PATHS = NO;
				CLANG_ANALYZER_NONNULL = YES;
				CLANG_ANALYZER_NUMBER_OBJECT_CONVERSION = YES_AGGRESSIVE;
				CLANG_CXX_LANGUAGE_STANDARD = "gnu++14";
				CLANG_CXX_LIBRARY = "libc++";
				CLANG_ENABLE_MODULES = YES;
				CLANG_ENABLE_OBJC_ARC = YES;
				CLANG_ENABLE_OBJC_WEAK = YES;
				CLANG_WARN_BLOCK_CAPTURE_AUTORELEASING = YES;
				CLANG_WARN_BOOL_CONVERSION = YES;
				CLANG_WARN_COMMA = YES;
				CLANG_WARN_CONSTANT_CONVERSION = YES;
				CLANG_WARN_DEPRECATED_OBJC_IMPLEMENTATIONS = YES;
				CLANG_WARN_DIRECT_OBJC_ISA_USAGE = YES_ERROR;
				CLANG_WARN_DOCUMENTATION_COMMENTS = YES;
				CLANG_WARN_EMPTY_BODY = YES;
				CLANG_WARN_ENUM_CONVERSION = YES;
				CLANG_WARN_INFINITE_RECURSION = YES;
				CLANG_WARN_INT_CONVERSION = YES;
				CLANG_WARN_NON_LITERAL_NULL_CONVERSION = YES;
				CLANG_WARN_OBJC_IMPLICIT_RETAIN_SELF = YES;
				CLANG_WARN_OBJC_LITERAL_CONVERSION = YES;
				CLANG_WARN_OBJC_ROOT_CLASS = YES_ERROR;
				CLANG_WARN_QUOTED_INCLUDE_IN_FRAMEWORK_HEADER = YES;
				CLANG_WARN_RANGE_LOOP_ANALYSIS = YES;
				CLANG_WARN_STRICT_PROTOTYPES = YES;
				CLANG_WARN_SUSPICIOUS_MOVE = YES;
				CLANG_WARN_UNGUARDED_AVAILABILITY = YES_AGGRESSIVE;
				CLANG_WARN_UNREACHABLE_CODE = YES;
				CLANG_WARN__DUPLICATE_METHOD_MATCH = YES;
				COPY_PHASE_STRIP = NO;
				DEBUG_INFORMATION_FORMAT = dwarf;
				ENABLE_STRICT_OBJC_MSGSEND = YES;
				ENABLE_TESTABILITY = YES;
				GCC_C_LANGUAGE_STANDARD = gnu11;
				GCC_DYNAMIC_NO_PIC = NO;
				GCC_NO_COMMON_BLOCKS = YES;
				GCC_OPTIMIZATION_LEVEL = 0;
				GCC_PREPROCESSOR_DEFINITIONS = (
					"DEBUG=1",
					"$(inherited)",
				);
				GCC_WARN_64_TO_32_BIT_CONVERSION = YES;
				GCC_WARN_ABOUT_RETURN_TYPE = YES_ERROR;
				GCC_WARN_UNDECLARED_SELECTOR = YES;
				GCC_WARN_UNINITIALIZED_AUTOS = YES_AGGRESSIVE;
				GCC_WARN_UNUSED_FUNCTION = YES;
				GCC_WARN_UNUSED_VARIABLE = YES;
				IPHONEOS_DEPLOYMENT_TARGET = 13.0;
				MTL_ENABLE_DEBUG_INFO = INCLUDE_SOURCE;
				MTL_FAST_MATH = YES;
				ONLY_ACTIVE_ARCH = YES;
				SDKROOT = iphoneos;
				SWIFT_ACTIVE_COMPILATION_CONDITIONS = DEBUG;
				SWIFT_OPTIMIZATION_LEVEL = "-Onone";
			};
			name = Debug;
		};
		7778047426807F910081A5C3 /* Release */ = {
			isa = XCBuildConfiguration;
			buildSettings = {
				ALWAYS_SEARCH_USER_PATHS = NO;
				CLANG_ANALYZER_NONNULL = YES;
				CLANG_ANALYZER_NUMBER_OBJECT_CONVERSION = YES_AGGRESSIVE;
				CLANG_CXX_LANGUAGE_STANDARD = "gnu++14";
				CLANG_CXX_LIBRARY = "libc++";
				CLANG_ENABLE_MODULES = YES;
				CLANG_ENABLE_OBJC_ARC = YES;
				CLANG_ENABLE_OBJC_WEAK = YES;
				CLANG_WARN_BLOCK_CAPTURE_AUTORELEASING = YES;
				CLANG_WARN_BOOL_CONVERSION = YES;
				CLANG_WARN_COMMA = YES;
				CLANG_WARN_CONSTANT_CONVERSION = YES;
				CLANG_WARN_DEPRECATED_OBJC_IMPLEMENTATIONS = YES;
				CLANG_WARN_DIRECT_OBJC_ISA_USAGE = YES_ERROR;
				CLANG_WARN_DOCUMENTATION_COMMENTS = YES;
				CLANG_WARN_EMPTY_BODY = YES;
				CLANG_WARN_ENUM_CONVERSION = YES;
				CLANG_WARN_INFINITE_RECURSION = YES;
				CLANG_WARN_INT_CONVERSION = YES;
				CLANG_WARN_NON_LITERAL_NULL_CONVERSION = YES;
				CLANG_WARN_OBJC_IMPLICIT_RETAIN_SELF = YES;
				CLANG_WARN_OBJC_LITERAL_CONVERSION = YES;
				CLANG_WARN_OBJC_ROOT_CLASS = YES_ERROR;
				CLANG_WARN_QUOTED_INCLUDE_IN_FRAMEWORK_HEADER = YES;
				CLANG_WARN_RANGE_LOOP_ANALYSIS = YES;
				CLANG_WARN_STRICT_PROTOTYPES = YES;
				CLANG_WARN_SUSPICIOUS_MOVE = YES;
				CLANG_WARN_UNGUARDED_AVAILABILITY = YES_AGGRESSIVE;
				CLANG_WARN_UNREACHABLE_CODE = YES;
				CLANG_WARN__DUPLICATE_METHOD_MATCH = YES;
				COPY_PHASE_STRIP = NO;
				DEBUG_INFORMATION_FORMAT = "dwarf-with-dsym";
				ENABLE_NS_ASSERTIONS = NO;
				ENABLE_STRICT_OBJC_MSGSEND = YES;
				GCC_C_LANGUAGE_STANDARD = gnu11;
				GCC_NO_COMMON_BLOCKS = YES;
				GCC_WARN_64_TO_32_BIT_CONVERSION = YES;
				GCC_WARN_ABOUT_RETURN_TYPE = YES_ERROR;
				GCC_WARN_UNDECLARED_SELECTOR = YES;
				GCC_WARN_UNINITIALIZED_AUTOS = YES_AGGRESSIVE;
				GCC_WARN_UNUSED_FUNCTION = YES;
				GCC_WARN_UNUSED_VARIABLE = YES;
				IPHONEOS_DEPLOYMENT_TARGET = 13.0;
				MTL_ENABLE_DEBUG_INFO = NO;
				MTL_FAST_MATH = YES;
				SDKROOT = iphoneos;
				SWIFT_COMPILATION_MODE = wholemodule;
				SWIFT_OPTIMIZATION_LEVEL = "-O";
				VALIDATE_PRODUCT = YES;
			};
			name = Release;
		};
		7778047626807F910081A5C3 /* Debug */ = {
			isa = XCBuildConfiguration;
			buildSettings = {
				ASSETCATALOG_COMPILER_APPICON_NAME = AppIcon;
				ASSETCATALOG_COMPILER_GLOBAL_ACCENT_COLOR_NAME = AccentColor;
				CODE_SIGN_STYLE = Automatic;
				DEVELOPMENT_TEAM = HXU4QPBL2H;
				INFOPLIST_FILE = FruitApp/Info.plist;
				IPHONEOS_DEPLOYMENT_TARGET = 13.0;
				LD_RUNPATH_SEARCH_PATHS = (
					"$(inherited)",
					"@executable_path/Frameworks",
				);
				PRODUCT_BUNDLE_IDENTIFIER = com.example.germanhernandez.FruitApp;
				PRODUCT_NAME = "$(TARGET_NAME)";
				SWIFT_VERSION = 5.0;
				TARGETED_DEVICE_FAMILY = 1;
			};
			name = Debug;
		};
		7778047726807F910081A5C3 /* Release */ = {
			isa = XCBuildConfiguration;
			buildSettings = {
				ASSETCATALOG_COMPILER_APPICON_NAME = AppIcon;
				ASSETCATALOG_COMPILER_GLOBAL_ACCENT_COLOR_NAME = AccentColor;
				CODE_SIGN_STYLE = Automatic;
				DEVELOPMENT_TEAM = HXU4QPBL2H;
				INFOPLIST_FILE = FruitApp/Info.plist;
				IPHONEOS_DEPLOYMENT_TARGET = 13.0;
				LD_RUNPATH_SEARCH_PATHS = (
					"$(inherited)",
					"@executable_path/Frameworks",
				);
				PRODUCT_BUNDLE_IDENTIFIER = com.example.germanhernandez.FruitApp;
				PRODUCT_NAME = "$(TARGET_NAME)";
				SWIFT_VERSION = 5.0;
				TARGETED_DEVICE_FAMILY = 1;
			};
			name = Release;
		};
		7778047926807F910081A5C3 /* Debug */ = {
			isa = XCBuildConfiguration;
			buildSettings = {
				ALWAYS_EMBED_SWIFT_STANDARD_LIBRARIES = YES;
				BUNDLE_LOADER = "$(TEST_HOST)";
				CODE_SIGN_STYLE = Automatic;
				DEVELOPMENT_TEAM = HXU4QPBL2H;
				INFOPLIST_FILE = FruitAppTests/Info.plist;
				IPHONEOS_DEPLOYMENT_TARGET = 14.5;
				LD_RUNPATH_SEARCH_PATHS = (
					"$(inherited)",
					"@executable_path/Frameworks",
					"@loader_path/Frameworks",
				);
				PRODUCT_BUNDLE_IDENTIFIER = com.example.germanhernandez.FruitAppTests;
				PRODUCT_NAME = "$(TARGET_NAME)";
				SWIFT_VERSION = 5.0;
				TARGETED_DEVICE_FAMILY = "1,2";
				TEST_HOST = "$(BUILT_PRODUCTS_DIR)/FruitApp.app/FruitApp";
			};
			name = Debug;
		};
		7778047A26807F910081A5C3 /* Release */ = {
			isa = XCBuildConfiguration;
			buildSettings = {
				ALWAYS_EMBED_SWIFT_STANDARD_LIBRARIES = YES;
				BUNDLE_LOADER = "$(TEST_HOST)";
				CODE_SIGN_STYLE = Automatic;
				DEVELOPMENT_TEAM = HXU4QPBL2H;
				INFOPLIST_FILE = FruitAppTests/Info.plist;
				IPHONEOS_DEPLOYMENT_TARGET = 14.5;
				LD_RUNPATH_SEARCH_PATHS = (
					"$(inherited)",
					"@executable_path/Frameworks",
					"@loader_path/Frameworks",
				);
				PRODUCT_BUNDLE_IDENTIFIER = com.example.germanhernandez.FruitAppTests;
				PRODUCT_NAME = "$(TARGET_NAME)";
				SWIFT_VERSION = 5.0;
				TARGETED_DEVICE_FAMILY = "1,2";
				TEST_HOST = "$(BUILT_PRODUCTS_DIR)/FruitApp.app/FruitApp";
			};
			name = Release;
		};
/* End XCBuildConfiguration section */

/* Begin XCConfigurationList section */
		7778044626807F900081A5C3 /* Build configuration list for PBXProject "FruitApp" */ = {
			isa = XCConfigurationList;
			buildConfigurations = (
				7778047326807F910081A5C3 /* Debug */,
				7778047426807F910081A5C3 /* Release */,
			);
			defaultConfigurationIsVisible = 0;
			defaultConfigurationName = Release;
		};
		7778047526807F910081A5C3 /* Build configuration list for PBXNativeTarget "FruitApp" */ = {
			isa = XCConfigurationList;
			buildConfigurations = (
				7778047626807F910081A5C3 /* Debug */,
				7778047726807F910081A5C3 /* Release */,
			);
			defaultConfigurationIsVisible = 0;
			defaultConfigurationName = Release;
		};
		7778047826807F910081A5C3 /* Build configuration list for PBXNativeTarget "FruitAppTests" */ = {
			isa = XCConfigurationList;
			buildConfigurations = (
				7778047926807F910081A5C3 /* Debug */,
				7778047A26807F910081A5C3 /* Release */,
			);
			defaultConfigurationIsVisible = 0;
			defaultConfigurationName = Release;
		};
/* End XCConfigurationList section */
	};
	rootObject = 7778044326807F900081A5C3 /* Project object */;
}
